
Microsoft Visual Studio Solution File, Format Version 12.00
# Visual Studio 2012
Project("{FAE04EC0-301F-11D3-BF4B-00C04F79EFBC}") = "Bearcam", "Bearcam\Bearcam.csproj", "{CFE703EB-89FA-4F10-A972-55133FAD56F2}"
EndProject
Global
	GlobalSection(SolutionConfigurationPlatforms) = preSolution
		Debug|iPhoneSimulator = Debug|iPhoneSimulator
		Release|iPhone = Release|iPhone
		Release|iPhoneSimulator = Release|iPhoneSimulator
		Debug|iPhone = Debug|iPhone
	EndGlobalSection
	GlobalSection(ProjectConfigurationPlatforms) = postSolution
		{CFE703EB-89FA-4F10-A972-55133FAD56F2}.Debug|iPhoneSimulator.ActiveCfg = Debug|iPhoneSimulator
		{CFE703EB-89FA-4F10-A972-55133FAD56F2}.Debug|iPhoneSimulator.Build.0 = Debug|iPhoneSimulator
		{CFE703EB-89FA-4F10-A972-55133FAD56F2}.Release|iPhone.ActiveCfg = Release|iPhone
		{CFE703EB-89FA-4F10-A972-55133FAD56F2}.Release|iPhone.Build.0 = Release|iPhone
		{CFE703EB-89FA-4F10-A972-55133FAD56F2}.Release|iPhoneSimulator.ActiveCfg = Release|iPhoneSimulator
		{CFE703EB-89FA-4F10-A972-55133FAD56F2}.Release|iPhoneSimulator.Build.0 = Release|iPhoneSimulator
		{CFE703EB-89FA-4F10-A972-55133FAD56F2}.Debug|iPhone.ActiveCfg = Debug|iPhone
		{CFE703EB-89FA-4F10-A972-55133FAD56F2}.Debug|iPhone.Build.0 = Debug|iPhone
	EndGlobalSection
EndGlobal
